
Microsoft Visual Studio Solution File, Format Version 12.00
# Visual Studio Version 17
VisualStudioVersion = 17.8.34525.116
MinimumVisualStudioVersion = 10.0.40219.1
Project("{FAE04EC0-301F-11D3-BF4B-00C04F79EFBC}") = "UIController", "UIController\UIController.csproj", "{0005E2D9-0901-4AD4-998E-3BF4E1211C49}"
EndProject
Global
	GlobalSection(SolutionConfigurationPlatforms) = preSolution
		Debug|Any CPU = Debug|Any CPU
		Release|Any CPU = Release|Any CPU
	EndGlobalSection
	GlobalSection(ProjectConfigurationPlatforms) = postSolution
		{0005E2D9-0901-4AD4-998E-3BF4E1211C49}.Debug|Any CPU.ActiveCfg = Debug|Any CPU
		{0005E2D9-0901-4AD4-998E-3BF4E1211C49}.Debug|Any CPU.Build.0 = Debug|Any CPU
		{0005E2D9-0901-4AD4-998E-3BF4E1211C49}.Release|Any CPU.ActiveCfg = Release|Any CPU
		{0005E2D9-0901-4AD4-998E-3BF4E1211C49}.Release|Any CPU.Build.0 = Release|Any CPU
	EndGlobalSection
	GlobalSection(SolutionProperties) = preSolution
		HideSolutionNode = FALSE
	EndGlobalSection
	GlobalSection(ExtensibilityGlobals) = postSolution
		SolutionGuid = {557A07E3-5ABE-45EE-A03E-8E18D40CE67C}
	EndGlobalSection
EndGlobal
